
Microsoft Visual Studio Solution File, Format Version 12.00
# Visual Studio Version 17
VisualStudioVersion = 17.4.32804.182
MinimumVisualStudioVersion = 10.0.40219.1
Project("{FAE04EC0-301F-11D3-BF4B-00C04F79EFBC}") = "EFCore_CodeFirstExistingDB", "EFCore_CodeFirstExistingDB\EFCore_CodeFirstExistingDB.csproj", "{C9820E2A-30F3-403D-9239-F2F805786A8D}"
EndProject
Global
	GlobalSection(SolutionConfigurationPlatforms) = preSolution
		Debug|Any CPU = Debug|Any CPU
		Release|Any CPU = Release|Any CPU
	EndGlobalSection
	GlobalSection(ProjectConfigurationPlatforms) = postSolution
		{C9820E2A-30F3-403D-9239-F2F805786A8D}.Debug|Any CPU.ActiveCfg = Debug|Any CPU
		{C9820E2A-30F3-403D-9239-F2F805786A8D}.Debug|Any CPU.Build.0 = Debug|Any CPU
		{C9820E2A-30F3-403D-9239-F2F805786A8D}.Release|Any CPU.ActiveCfg = Release|Any CPU
		{C9820E2A-30F3-403D-9239-F2F805786A8D}.Release|Any CPU.Build.0 = Release|Any CPU
	EndGlobalSection
	GlobalSection(SolutionProperties) = preSolution
		HideSolutionNode = FALSE
	EndGlobalSection
	GlobalSection(ExtensibilityGlobals) = postSolution
		SolutionGuid = {8DB963C7-157C-4654-9C30-11E8F4C72E93}
	EndGlobalSection
EndGlobal
