
Microsoft Visual Studio Solution File, Format Version 12.00
# Visual Studio Version 17
VisualStudioVersion = 17.4.32804.182
MinimumVisualStudioVersion = 10.0.40219.1
Project("{FAE04EC0-301F-11D3-BF4B-00C04F79EFBC}") = "Mvc7_FirstMVC", "Mvc7_FirstMVC\Mvc7_FirstMVC.csproj", "{884186C6-3F41-441E-89D5-B54029B44E54}"
EndProject
Global
	GlobalSection(SolutionConfigurationPlatforms) = preSolution
		Debug|Any CPU = Debug|Any CPU
		Release|Any CPU = Release|Any CPU
	EndGlobalSection
	GlobalSection(ProjectConfigurationPlatforms) = postSolution
		{884186C6-3F41-441E-89D5-B54029B44E54}.Debug|Any CPU.ActiveCfg = Debug|Any CPU
		{884186C6-3F41-441E-89D5-B54029B44E54}.Debug|Any CPU.Build.0 = Debug|Any CPU
		{884186C6-3F41-441E-89D5-B54029B44E54}.Release|Any CPU.ActiveCfg = Release|Any CPU
		{884186C6-3F41-441E-89D5-B54029B44E54}.Release|Any CPU.Build.0 = Release|Any CPU
	EndGlobalSection
	GlobalSection(SolutionProperties) = preSolution
		HideSolutionNode = FALSE
	EndGlobalSection
	GlobalSection(ExtensibilityGlobals) = postSolution
		SolutionGuid = {48916BCA-0735-4F67-982A-1B0506B84680}
	EndGlobalSection
EndGlobal
