
Microsoft Visual Studio Solution File, Format Version 12.00
# Visual Studio Version 17
VisualStudioVersion = 17.4.32804.182
MinimumVisualStudioVersion = 10.0.40219.1
Project("{FAE04EC0-301F-11D3-BF4B-00C04F79EFBC}") = "Mvc7_Azure", "Mvc7_Azure\Mvc7_Azure.csproj", "{6979969D-BE67-40E8-9829-B1CA4CAE0E4C}"
EndProject
Global
	GlobalSection(SolutionConfigurationPlatforms) = preSolution
		Debug|Any CPU = Debug|Any CPU
		Release|Any CPU = Release|Any CPU
	EndGlobalSection
	GlobalSection(ProjectConfigurationPlatforms) = postSolution
		{6979969D-BE67-40E8-9829-B1CA4CAE0E4C}.Debug|Any CPU.ActiveCfg = Debug|Any CPU
		{6979969D-BE67-40E8-9829-B1CA4CAE0E4C}.Debug|Any CPU.Build.0 = Debug|Any CPU
		{6979969D-BE67-40E8-9829-B1CA4CAE0E4C}.Release|Any CPU.ActiveCfg = Release|Any CPU
		{6979969D-BE67-40E8-9829-B1CA4CAE0E4C}.Release|Any CPU.Build.0 = Release|Any CPU
	EndGlobalSection
	GlobalSection(SolutionProperties) = preSolution
		HideSolutionNode = FALSE
	EndGlobalSection
	GlobalSection(ExtensibilityGlobals) = postSolution
		SolutionGuid = {72218DA2-80B6-497D-B6F7-1B38E1FD7A3F}
	EndGlobalSection
EndGlobal
