
Microsoft Visual Studio Solution File, Format Version 12.00
# Visual Studio Version 17
VisualStudioVersion = 17.4.32804.182
MinimumVisualStudioVersion = 10.0.40219.1
Project("{FAE04EC0-301F-11D3-BF4B-00C04F79EFBC}") = "Mvc7_Fundamentals", "Mvc7_Fundamentals\Mvc7_Fundamentals.csproj", "{9F7674D5-6BB7-491A-9C43-031350CE1216}"
EndProject
Global
	GlobalSection(SolutionConfigurationPlatforms) = preSolution
		Debug|Any CPU = Debug|Any CPU
		Release|Any CPU = Release|Any CPU
	EndGlobalSection
	GlobalSection(ProjectConfigurationPlatforms) = postSolution
		{9F7674D5-6BB7-491A-9C43-031350CE1216}.Debug|Any CPU.ActiveCfg = Debug|Any CPU
		{9F7674D5-6BB7-491A-9C43-031350CE1216}.Debug|Any CPU.Build.0 = Debug|Any CPU
		{9F7674D5-6BB7-491A-9C43-031350CE1216}.Release|Any CPU.ActiveCfg = Release|Any CPU
		{9F7674D5-6BB7-491A-9C43-031350CE1216}.Release|Any CPU.Build.0 = Release|Any CPU
	EndGlobalSection
	GlobalSection(SolutionProperties) = preSolution
		HideSolutionNode = FALSE
	EndGlobalSection
	GlobalSection(ExtensibilityGlobals) = postSolution
		SolutionGuid = {E25CF90A-676F-4FBD-8761-DF94697B8788}
	EndGlobalSection
EndGlobal
