<Solution>
  <Project Path="LinqSample001/LinqSample001.csproj" />
  <Project Path="LinqSample002/LinqSample002.csproj" />
  <Project Path="LinqSample003/LinqSample003.csproj" />
  <Project Path="LinqSample004/LinqSample004.csproj" />
  <Project Path="LinqSample005/LinqSample005.csproj" />
  <Project Path="LinqSample006/LinqSample006.csproj" />
  <Project Path="LinqSample007/LinqSample007.csproj" />
  <Project Path="LinqSample008/LinqSample008.csproj" />
  <Project Path="LinqSample009/LinqSample009.csproj" />
  <Project Path="LinqSample010/LinqSample010.csproj" />
  <Project Path="LinqSample011/LinqSample011.csproj" />
  <Project Path="LinqSample012/LinqSample012.csproj" />
  <Project Path="LinqSample013/LinqSample013.csproj" />
  <Project Path="LinqSample014/LinqSample014.csproj" />
  <Project Path="LinqSample015/LinqSample015.csproj" />
  <Project Path="LinqSample016/LinqSample016.csproj" />
  <Project Path="LinqSample017/LinqSample017.csproj" />
  <Project Path="LinqSample018/LinqSample018.csproj" />
  <Project Path="LinqSample019/LinqSample019.csproj" />
  <Project Path="LinqSample020/LinqSample020.csproj" />
  <Project Path="LinqSample021/LinqSample021.csproj" />
  <Project Path="LinqSample022/LinqSample022.csproj" />
</Solution>
